
Microsoft Visual Studio Solution File, Format Version 12.00
# Visual Studio 15
VisualStudioVersion = 15.0.28307.489
MinimumVisualStudioVersion = 10.0.40219.1
Project("{FAE04EC0-301F-11D3-BF4B-00C04F79EFBC}") = "FireGame_assign1", "FireGame_assign1\FireGame_assign1.csproj", "{C7FA3CEE-8278-4C28-9978-0AA801799C6F}"
EndProject
Project("{FAE04EC0-301F-11D3-BF4B-00C04F79EFBC}") = "FireGame_assign1Tests", "FireGame_assign1Tests\FireGame_assign1Tests.csproj", "{FAAA2D90-E1E0-40DE-AFFA-3BAFEE280EED}"
EndProject
Global
	GlobalSection(SolutionConfigurationPlatforms) = preSolution
		Debug|Any CPU = Debug|Any CPU
		Release|Any CPU = Release|Any CPU
	EndGlobalSection
	GlobalSection(ProjectConfigurationPlatforms) = postSolution
		{C7FA3CEE-8278-4C28-9978-0AA801799C6F}.Debug|Any CPU.ActiveCfg = Debug|Any CPU
		{C7FA3CEE-8278-4C28-9978-0AA801799C6F}.Debug|Any CPU.Build.0 = Debug|Any CPU
		{C7FA3CEE-8278-4C28-9978-0AA801799C6F}.Release|Any CPU.ActiveCfg = Release|Any CPU
		{C7FA3CEE-8278-4C28-9978-0AA801799C6F}.Release|Any CPU.Build.0 = Release|Any CPU
		{FAAA2D90-E1E0-40DE-AFFA-3BAFEE280EED}.Debug|Any CPU.ActiveCfg = Debug|Any CPU
		{FAAA2D90-E1E0-40DE-AFFA-3BAFEE280EED}.Debug|Any CPU.Build.0 = Debug|Any CPU
		{FAAA2D90-E1E0-40DE-AFFA-3BAFEE280EED}.Release|Any CPU.ActiveCfg = Release|Any CPU
		{FAAA2D90-E1E0-40DE-AFFA-3BAFEE280EED}.Release|Any CPU.Build.0 = Release|Any CPU
	EndGlobalSection
	GlobalSection(SolutionProperties) = preSolution
		HideSolutionNode = FALSE
	EndGlobalSection
	GlobalSection(ExtensibilityGlobals) = postSolution
		SolutionGuid = {B8AE5674-A410-44D9-A50B-9D0D6A1DE682}
	EndGlobalSection
EndGlobal
